
Microsoft Visual Studio Solution File, Format Version 12.00
# Visual Studio Version 17
VisualStudioVersion = 17.0.31611.283
MinimumVisualStudioVersion = 10.0.40219.1
Project("{9A19103F-16F7-4668-BE54-9A1E7A4F7556}") = "DeviceSync", "DeviceSync\DeviceSync.csproj", "{70C03A53-CCAC-42CB-9B9B-24D16D593BA6}"
EndProject
Project("{9A19103F-16F7-4668-BE54-9A1E7A4F7556}") = "App2", "App2\App2.csproj", "{0C0028D3-8B66-44C0-95A9-ED3E71D4BD05}"
EndProject
Global
	GlobalSection(SolutionConfigurationPlatforms) = preSolution
		Debug|Any CPU = Debug|Any CPU
		Debug|ARM = Debug|ARM
		Debug|ARM64 = Debug|ARM64
		Debug|x64 = Debug|x64
		Debug|x86 = Debug|x86
		Release|Any CPU = Release|Any CPU
		Release|ARM = Release|ARM
		Release|ARM64 = Release|ARM64
		Release|x64 = Release|x64
		Release|x86 = Release|x86
	EndGlobalSection
	GlobalSection(ProjectConfigurationPlatforms) = postSolution
		{70C03A53-CCAC-42CB-9B9B-24D16D593BA6}.Debug|Any CPU.ActiveCfg = Debug|Any CPU
		{70C03A53-CCAC-42CB-9B9B-24D16D593BA6}.Debug|Any CPU.Build.0 = Debug|Any CPU
		{70C03A53-CCAC-42CB-9B9B-24D16D593BA6}.Debug|Any CPU.Deploy.0 = Debug|Any CPU
		{70C03A53-CCAC-42CB-9B9B-24D16D593BA6}.Debug|ARM.ActiveCfg = Debug|Any CPU
		{70C03A53-CCAC-42CB-9B9B-24D16D593BA6}.Debug|ARM.Build.0 = Debug|Any CPU
		{70C03A53-CCAC-42CB-9B9B-24D16D593BA6}.Debug|ARM.Deploy.0 = Debug|Any CPU
		{70C03A53-CCAC-42CB-9B9B-24D16D593BA6}.Debug|ARM64.ActiveCfg = Debug|Any CPU
		{70C03A53-CCAC-42CB-9B9B-24D16D593BA6}.Debug|ARM64.Build.0 = Debug|Any CPU
		{70C03A53-CCAC-42CB-9B9B-24D16D593BA6}.Debug|ARM64.Deploy.0 = Debug|Any CPU
		{70C03A53-CCAC-42CB-9B9B-24D16D593BA6}.Debug|x64.ActiveCfg = Debug|Any CPU
		{70C03A53-CCAC-42CB-9B9B-24D16D593BA6}.Debug|x64.Build.0 = Debug|Any CPU
		{70C03A53-CCAC-42CB-9B9B-24D16D593BA6}.Debug|x64.Deploy.0 = Debug|Any CPU
		{70C03A53-CCAC-42CB-9B9B-24D16D593BA6}.Debug|x86.ActiveCfg = Debug|Any CPU
		{70C03A53-CCAC-42CB-9B9B-24D16D593BA6}.Debug|x86.Build.0 = Debug|Any CPU
		{70C03A53-CCAC-42CB-9B9B-24D16D593BA6}.Debug|x86.Deploy.0 = Debug|Any CPU
		{70C03A53-CCAC-42CB-9B9B-24D16D593BA6}.Release|Any CPU.ActiveCfg = Release|Any CPU
		{70C03A53-CCAC-42CB-9B9B-24D16D593BA6}.Release|Any CPU.Build.0 = Release|Any CPU
		{70C03A53-CCAC-42CB-9B9B-24D16D593BA6}.Release|Any CPU.Deploy.0 = Release|Any CPU
		{70C03A53-CCAC-42CB-9B9B-24D16D593BA6}.Release|ARM.ActiveCfg = Release|Any CPU
		{70C03A53-CCAC-42CB-9B9B-24D16D593BA6}.Release|ARM.Build.0 = Release|Any CPU
		{70C03A53-CCAC-42CB-9B9B-24D16D593BA6}.Release|ARM.Deploy.0 = Release|Any CPU
		{70C03A53-CCAC-42CB-9B9B-24D16D593BA6}.Release|ARM64.ActiveCfg = Release|Any CPU
		{70C03A53-CCAC-42CB-9B9B-24D16D593BA6}.Release|ARM64.Build.0 = Release|Any CPU
		{70C03A53-CCAC-42CB-9B9B-24D16D593BA6}.Release|ARM64.Deploy.0 = Release|Any CPU
		{70C03A53-CCAC-42CB-9B9B-24D16D593BA6}.Release|x64.ActiveCfg = Release|Any CPU
		{70C03A53-CCAC-42CB-9B9B-24D16D593BA6}.Release|x64.Build.0 = Release|Any CPU
		{70C03A53-CCAC-42CB-9B9B-24D16D593BA6}.Release|x64.Deploy.0 = Release|Any CPU
		{70C03A53-CCAC-42CB-9B9B-24D16D593BA6}.Release|x86.ActiveCfg = Release|Any CPU
		{70C03A53-CCAC-42CB-9B9B-24D16D593BA6}.Release|x86.Build.0 = Release|Any CPU
		{70C03A53-CCAC-42CB-9B9B-24D16D593BA6}.Release|x86.Deploy.0 = Release|Any CPU
		{0C0028D3-8B66-44C0-95A9-ED3E71D4BD05}.Debug|Any CPU.ActiveCfg = Debug|Any CPU
		{0C0028D3-8B66-44C0-95A9-ED3E71D4BD05}.Debug|Any CPU.Build.0 = Debug|Any CPU
		{0C0028D3-8B66-44C0-95A9-ED3E71D4BD05}.Debug|ARM.ActiveCfg = Debug|Any CPU
		{0C0028D3-8B66-44C0-95A9-ED3E71D4BD05}.Debug|ARM.Build.0 = Debug|Any CPU
		{0C0028D3-8B66-44C0-95A9-ED3E71D4BD05}.Debug|ARM64.ActiveCfg = Debug|Any CPU
		{0C0028D3-8B66-44C0-95A9-ED3E71D4BD05}.Debug|ARM64.Build.0 = Debug|Any CPU
		{0C0028D3-8B66-44C0-95A9-ED3E71D4BD05}.Debug|x64.ActiveCfg = Debug|Any CPU
		{0C0028D3-8B66-44C0-95A9-ED3E71D4BD05}.Debug|x64.Build.0 = Debug|Any CPU
		{0C0028D3-8B66-44C0-95A9-ED3E71D4BD05}.Debug|x86.ActiveCfg = Debug|Any CPU
		{0C0028D3-8B66-44C0-95A9-ED3E71D4BD05}.Debug|x86.Build.0 = Debug|Any CPU
		{0C0028D3-8B66-44C0-95A9-ED3E71D4BD05}.Release|Any CPU.ActiveCfg = Release|Any CPU
		{0C0028D3-8B66-44C0-95A9-ED3E71D4BD05}.Release|Any CPU.Build.0 = Release|Any CPU
		{0C0028D3-8B66-44C0-95A9-ED3E71D4BD05}.Release|ARM.ActiveCfg = Release|Any CPU
		{0C0028D3-8B66-44C0-95A9-ED3E71D4BD05}.Release|ARM.Build.0 = Release|Any CPU
		{0C0028D3-8B66-44C0-95A9-ED3E71D4BD05}.Release|ARM64.ActiveCfg = Release|Any CPU
		{0C0028D3-8B66-44C0-95A9-ED3E71D4BD05}.Release|ARM64.Build.0 = Release|Any CPU
		{0C0028D3-8B66-44C0-95A9-ED3E71D4BD05}.Release|x64.ActiveCfg = Release|Any CPU
		{0C0028D3-8B66-44C0-95A9-ED3E71D4BD05}.Release|x64.Build.0 = Release|Any CPU
		{0C0028D3-8B66-44C0-95A9-ED3E71D4BD05}.Release|x86.ActiveCfg = Release|Any CPU
		{0C0028D3-8B66-44C0-95A9-ED3E71D4BD05}.Release|x86.Build.0 = Release|Any CPU
	EndGlobalSection
	GlobalSection(SolutionProperties) = preSolution
		HideSolutionNode = FALSE
	EndGlobalSection
	GlobalSection(ExtensibilityGlobals) = postSolution
		SolutionGuid = {61F7FB11-1E47-470C-91E2-47F8143E1572}
	EndGlobalSection
EndGlobal
